
Microsoft Visual Studio Solution File, Format Version 12.00
# Visual Studio Version 17
VisualStudioVersion = 17.14.36414.22
MinimumVisualStudioVersion = 10.0.40219.1
Project("{2150E333-8FDC-42A3-9474-1A3956D46DE8}") = "src", "src", "{02EA681E-C7D8-13C7-8484-4AC65E1B71E8}"
EndProject
Project("{FAE04EC0-301F-11D3-BF4B-00C04F79EFBC}") = "BlogHybrid.Domain", "BlogHybrid.Domain\BlogHybrid.Domain.csproj", "{068CCBB6-5B28-4CF2-80AC-15351DA4D2A9}"
EndProject
Project("{FAE04EC0-301F-11D3-BF4B-00C04F79EFBC}") = "BlogHybrid.Application", "BlogHybrid.Application\BlogHybrid.Application.csproj", "{F32BD27F-61EA-4E1B-AB52-8225546DB23D}"
EndProject
Project("{FAE04EC0-301F-11D3-BF4B-00C04F79EFBC}") = "BlogHybrid.Infrastructure", "BlogHybrid.Infrastructure\BlogHybrid.Infrastructure.csproj", "{759E09F2-EBF4-42F2-A517-61897B23DC6C}"
EndProject
Project("{2150E333-8FDC-42A3-9474-1A3956D46DE8}") = "tests", "tests", "{A0DFAC37-CC03-4D09-9CA9-2D596E3F90D9}"
EndProject
Project("{FAE04EC0-301F-11D3-BF4B-00C04F79EFBC}") = "BlogHybrid.Domain.Tests", "BlogHybrid.Domain.Tests\BlogHybrid.Domain.Tests.csproj", "{719E6D85-202D-4249-96FE-23AF83CFFA0C}"
EndProject
Project("{FAE04EC0-301F-11D3-BF4B-00C04F79EFBC}") = "BlogHybrid.Application.Tests", "BlogHybrid.Application.Tests\BlogHybrid.Application.Tests.csproj", "{4EECA23B-0D72-4A0C-8E63-FA31F29FCD07}"
EndProject
Project("{FAE04EC0-301F-11D3-BF4B-00C04F79EFBC}") = "BlogHybrid.Infrastructure.Tests", "BlogHybrid.Infrastructure.Tests\BlogHybrid.Infrastructure.Tests.csproj", "{6DE4BBB2-F55D-4E07-96EC-11F3FAC57B72}"
EndProject
Project("{FAE04EC0-301F-11D3-BF4B-00C04F79EFBC}") = "BlogHybrid.API", "BlogHybrid.API\BlogHybrid.API.csproj", "{4A298F15-EBEC-4F3D-B27B-3A6E3059C680}"
EndProject
Project("{FAE04EC0-301F-11D3-BF4B-00C04F79EFBC}") = "BlogHybrid.Web", "BlogHybrid.Web\BlogHybrid.Web.csproj", "{6B546FD5-2C60-4AA9-801B-6D0A74F7E2DB}"
EndProject
Global
	GlobalSection(SolutionConfigurationPlatforms) = preSolution
		Debug|Any CPU = Debug|Any CPU
		Release|Any CPU = Release|Any CPU
	EndGlobalSection
	GlobalSection(ProjectConfigurationPlatforms) = postSolution
		{068CCBB6-5B28-4CF2-80AC-15351DA4D2A9}.Debug|Any CPU.ActiveCfg = Debug|Any CPU
		{068CCBB6-5B28-4CF2-80AC-15351DA4D2A9}.Debug|Any CPU.Build.0 = Debug|Any CPU
		{068CCBB6-5B28-4CF2-80AC-15351DA4D2A9}.Release|Any CPU.ActiveCfg = Release|Any CPU
		{068CCBB6-5B28-4CF2-80AC-15351DA4D2A9}.Release|Any CPU.Build.0 = Release|Any CPU
		{F32BD27F-61EA-4E1B-AB52-8225546DB23D}.Debug|Any CPU.ActiveCfg = Debug|Any CPU
		{F32BD27F-61EA-4E1B-AB52-8225546DB23D}.Debug|Any CPU.Build.0 = Debug|Any CPU
		{F32BD27F-61EA-4E1B-AB52-8225546DB23D}.Release|Any CPU.ActiveCfg = Release|Any CPU
		{F32BD27F-61EA-4E1B-AB52-8225546DB23D}.Release|Any CPU.Build.0 = Release|Any CPU
		{759E09F2-EBF4-42F2-A517-61897B23DC6C}.Debug|Any CPU.ActiveCfg = Debug|Any CPU
		{759E09F2-EBF4-42F2-A517-61897B23DC6C}.Debug|Any CPU.Build.0 = Debug|Any CPU
		{759E09F2-EBF4-42F2-A517-61897B23DC6C}.Release|Any CPU.ActiveCfg = Release|Any CPU
		{759E09F2-EBF4-42F2-A517-61897B23DC6C}.Release|Any CPU.Build.0 = Release|Any CPU
		{719E6D85-202D-4249-96FE-23AF83CFFA0C}.Debug|Any CPU.ActiveCfg = Debug|Any CPU
		{719E6D85-202D-4249-96FE-23AF83CFFA0C}.Debug|Any CPU.Build.0 = Debug|Any CPU
		{719E6D85-202D-4249-96FE-23AF83CFFA0C}.Release|Any CPU.ActiveCfg = Release|Any CPU
		{719E6D85-202D-4249-96FE-23AF83CFFA0C}.Release|Any CPU.Build.0 = Release|Any CPU
		{4EECA23B-0D72-4A0C-8E63-FA31F29FCD07}.Debug|Any CPU.ActiveCfg = Debug|Any CPU
		{4EECA23B-0D72-4A0C-8E63-FA31F29FCD07}.Debug|Any CPU.Build.0 = Debug|Any CPU
		{4EECA23B-0D72-4A0C-8E63-FA31F29FCD07}.Release|Any CPU.ActiveCfg = Release|Any CPU
		{4EECA23B-0D72-4A0C-8E63-FA31F29FCD07}.Release|Any CPU.Build.0 = Release|Any CPU
		{6DE4BBB2-F55D-4E07-96EC-11F3FAC57B72}.Debug|Any CPU.ActiveCfg = Debug|Any CPU
		{6DE4BBB2-F55D-4E07-96EC-11F3FAC57B72}.Debug|Any CPU.Build.0 = Debug|Any CPU
		{6DE4BBB2-F55D-4E07-96EC-11F3FAC57B72}.Release|Any CPU.ActiveCfg = Release|Any CPU
		{6DE4BBB2-F55D-4E07-96EC-11F3FAC57B72}.Release|Any CPU.Build.0 = Release|Any CPU
		{4A298F15-EBEC-4F3D-B27B-3A6E3059C680}.Debug|Any CPU.ActiveCfg = Debug|Any CPU
		{4A298F15-EBEC-4F3D-B27B-3A6E3059C680}.Debug|Any CPU.Build.0 = Debug|Any CPU
		{4A298F15-EBEC-4F3D-B27B-3A6E3059C680}.Release|Any CPU.ActiveCfg = Release|Any CPU
		{4A298F15-EBEC-4F3D-B27B-3A6E3059C680}.Release|Any CPU.Build.0 = Release|Any CPU
		{6B546FD5-2C60-4AA9-801B-6D0A74F7E2DB}.Debug|Any CPU.ActiveCfg = Debug|Any CPU
		{6B546FD5-2C60-4AA9-801B-6D0A74F7E2DB}.Debug|Any CPU.Build.0 = Debug|Any CPU
		{6B546FD5-2C60-4AA9-801B-6D0A74F7E2DB}.Release|Any CPU.ActiveCfg = Release|Any CPU
		{6B546FD5-2C60-4AA9-801B-6D0A74F7E2DB}.Release|Any CPU.Build.0 = Release|Any CPU
	EndGlobalSection
	GlobalSection(SolutionProperties) = preSolution
		HideSolutionNode = FALSE
	EndGlobalSection
	GlobalSection(NestedProjects) = preSolution
		{068CCBB6-5B28-4CF2-80AC-15351DA4D2A9} = {02EA681E-C7D8-13C7-8484-4AC65E1B71E8}
		{F32BD27F-61EA-4E1B-AB52-8225546DB23D} = {02EA681E-C7D8-13C7-8484-4AC65E1B71E8}
		{759E09F2-EBF4-42F2-A517-61897B23DC6C} = {02EA681E-C7D8-13C7-8484-4AC65E1B71E8}
		{719E6D85-202D-4249-96FE-23AF83CFFA0C} = {A0DFAC37-CC03-4D09-9CA9-2D596E3F90D9}
		{4EECA23B-0D72-4A0C-8E63-FA31F29FCD07} = {A0DFAC37-CC03-4D09-9CA9-2D596E3F90D9}
		{6DE4BBB2-F55D-4E07-96EC-11F3FAC57B72} = {A0DFAC37-CC03-4D09-9CA9-2D596E3F90D9}
		{4A298F15-EBEC-4F3D-B27B-3A6E3059C680} = {02EA681E-C7D8-13C7-8484-4AC65E1B71E8}
		{6B546FD5-2C60-4AA9-801B-6D0A74F7E2DB} = {02EA681E-C7D8-13C7-8484-4AC65E1B71E8}
	EndGlobalSection
	GlobalSection(ExtensibilityGlobals) = postSolution
		SolutionGuid = {474875A7-5EAE-4CA0-BC07-FCE7763B222F}
	EndGlobalSection
EndGlobal
